// !$*UTF8*$!
{
	archiveVersion = 1;
	classes = {
	};
	objectVersion = 50;
	objects = {

/* Begin PBXBuildFile section */
		9E04AB862662801500C83945 /* Assets.xcassets in Resources */ = {isa = PBXBuildFile; fileRef = 9ECB49722661354E0028CCDB /* Assets.xcassets */; };
		9E04AB872662803A00C83945 /* ActionViewController.swift in Sources */ = {isa = PBXBuildFile; fileRef = 9ECB49852661367D0028CCDB /* ActionViewController.swift */; };
		9E04AB8E266291A900C83945 /* Media.xcassets in Resources */ = {isa = PBXBuildFile; fileRef = 9ECB49832661367D0028CCDB /* Media.xcassets */; };
		9E1C2BF22663E2A40092A3A0 /* TableViewController.swift in Sources */ = {isa = PBXBuildFile; fileRef = 9E1C2BF12663E2A40092A3A0 /* TableViewController.swift */; };
		9ECB496A2661354A0028CCDB /* AppDelegate.swift in Sources */ = {isa = PBXBuildFile; fileRef = 9ECB49692661354A0028CCDB /* AppDelegate.swift */; };
		9ECB496C2661354A0028CCDB /* SceneDelegate.swift in Sources */ = {isa = PBXBuildFile; fileRef = 9ECB496B2661354A0028CCDB /* SceneDelegate.swift */; };
		9ECB496E2661354A0028CCDB /* ViewController.swift in Sources */ = {isa = PBXBuildFile; fileRef = 9ECB496D2661354A0028CCDB /* ViewController.swift */; };
		9ECB49712661354A0028CCDB /* Main.storyboard in Resources */ = {isa = PBXBuildFile; fileRef = 9ECB496F2661354A0028CCDB /* Main.storyboard */; };
		9ECB49732661354E0028CCDB /* Assets.xcassets in Resources */ = {isa = PBXBuildFile; fileRef = 9ECB49722661354E0028CCDB /* Assets.xcassets */; };
		9ECB49762661354E0028CCDB /* LaunchScreen.storyboard in Resources */ = {isa = PBXBuildFile; fileRef = 9ECB49742661354E0028CCDB /* LaunchScreen.storyboard */; };
		9ECB49842661367D0028CCDB /* Media.xcassets in Resources */ = {isa = PBXBuildFile; fileRef = 9ECB49832661367D0028CCDB /* Media.xcassets */; };
		9ECB49862661367D0028CCDB /* ActionViewController.swift in Sources */ = {isa = PBXBuildFile; fileRef = 9ECB49852661367D0028CCDB /* ActionViewController.swift */; };
		9ECB49892661367D0028CCDB /* MainInterface.storyboard in Resources */ = {isa = PBXBuildFile; fileRef = 9ECB49872661367D0028CCDB /* MainInterface.storyboard */; };
		9ECB498D2661367D0028CCDB /* Extension.appex in Embed App Extensions */ = {isa = PBXBuildFile; fileRef = 9ECB49812661367D0028CCDB /* Extension.appex */; settings = {ATTRIBUTES = (RemoveHeadersOnCopy, ); }; };
		9ECB499326613B180028CCDB /* Action.js in Resources */ = {isa = PBXBuildFile; fileRef = 9ECB499226613B180028CCDB /* Action.js */; };
/* End PBXBuildFile section */

/* Begin PBXContainerItemProxy section */
		9ECB498B2661367D0028CCDB /* PBXContainerItemProxy */ = {
			isa = PBXContainerItemProxy;
			containerPortal = 9ECB495E2661354A0028CCDB /* Project object */;
			proxyType = 1;
			remoteGlobalIDString = 9ECB49802661367D0028CCDB;
			remoteInfo = Extension;
		};
/* End PBXContainerItemProxy section */

/* Begin PBXCopyFilesBuildPhase section */
		9ECB49912661367D0028CCDB /* Embed App Extensions */ = {
			isa = PBXCopyFilesBuildPhase;
			buildActionMask = 2147483647;
			dstPath = "";
			dstSubfolderSpec = 13;
			files = (
				9ECB498D2661367D0028CCDB /* Extension.appex in Embed App Extensions */,
			);
			name = "Embed App Extensions";
			runOnlyForDeploymentPostprocessing = 0;
		};
/* End PBXCopyFilesBuildPhase section */

/* Begin PBXFileReference section */
		9E1C2BF12663E2A40092A3A0 /* TableViewController.swift */ = {isa = PBXFileReference; lastKnownFileType = sourcecode.swift; path = TableViewController.swift; sourceTree = "<group>"; };
		9ECB49662661354A0028CCDB /* Project19.app */ = {isa = PBXFileReference; explicitFileType = wrapper.application; includeInIndex = 0; path = Project19.app; sourceTree = BUILT_PRODUCTS_DIR; };
		9ECB49692661354A0028CCDB /* AppDelegate.swift */ = {isa = PBXFileReference; lastKnownFileType = sourcecode.swift; path = AppDelegate.swift; sourceTree = "<group>"; };
		9ECB496B2661354A0028CCDB /* SceneDelegate.swift */ = {isa = PBXFileReference; lastKnownFileType = sourcecode.swift; path = SceneDelegate.swift; sourceTree = "<group>"; };
		9ECB496D2661354A0028CCDB /* ViewController.swift */ = {isa = PBXFileReference; lastKnownFileType = sourcecode.swift; path = ViewController.swift; sourceTree = "<group>"; };
		9ECB49702661354A0028CCDB /* Base */ = {isa = PBXFileReference; lastKnownFileType = file.storyboard; name = Base; path = Base.lproj/Main.storyboard; sourceTree = "<group>"; };
		9ECB49722661354E0028CCDB /* Assets.xcassets */ = {isa = PBXFileReference; lastKnownFileType = folder.assetcatalog; path = Assets.xcassets; sourceTree = "<group>"; };
		9ECB49752661354E0028CCDB /* Base */ = {isa = PBXFileReference; lastKnownFileType = file.storyboard; name = Base; path = Base.lproj/LaunchScreen.storyboard; sourceTree = "<group>"; };
		9ECB49772661354E0028CCDB /* Info.plist */ = {isa = PBXFileReference; lastKnownFileType = text.plist.xml; path = Info.plist; sourceTree = "<group>"; };
		9ECB49812661367D0028CCDB /* Extension.appex */ = {isa = PBXFileReference; explicitFileType = "wrapper.app-extension"; includeInIndex = 0; path = Extension.appex; sourceTree = BUILT_PRODUCTS_DIR; };
		9ECB49832661367D0028CCDB /* Media.xcassets */ = {isa = PBXFileReference; lastKnownFileType = folder.assetcatalog; path = Media.xcassets; sourceTree = "<group>"; };
		9ECB49852661367D0028CCDB /* ActionViewController.swift */ = {isa = PBXFileReference; lastKnownFileType = sourcecode.swift; path = ActionViewController.swift; sourceTree = "<group>"; };
		9ECB49882661367D0028CCDB /* Base */ = {isa = PBXFileReference; lastKnownFileType = file.storyboard; name = Base; path = Base.lproj/MainInterface.storyboard; sourceTree = "<group>"; };
		9ECB498A2661367D0028CCDB /* Info.plist */ = {isa = PBXFileReference; lastKnownFileType = text.plist.xml; path = Info.plist; sourceTree = "<group>"; };
		9ECB499226613B180028CCDB /* Action.js */ = {isa = PBXFileReference; lastKnownFileType = sourcecode.javascript; path = Action.js; sourceTree = "<group>"; };
/* End PBXFileReference section */

/* Begin PBXFrameworksBuildPhase section */
		9ECB49632661354A0028CCDB /* Frameworks */ = {
			isa = PBXFrameworksBuildPhase;
			buildActionMask = 2147483647;
			files = (
			);
			runOnlyForDeploymentPostprocessing = 0;
		};
		9ECB497E2661367D0028CCDB /* Frameworks */ = {
			isa = PBXFrameworksBuildPhase;
			buildActionMask = 2147483647;
			files = (
			);
			runOnlyForDeploymentPostprocessing = 0;
		};
/* End PBXFrameworksBuildPhase section */

/* Begin PBXGroup section */
		9ECB495D2661354A0028CCDB = {
			isa = PBXGroup;
			children = (
				9ECB49682661354A0028CCDB /* Project19 */,
				9ECB49822661367D0028CCDB /* Extension */,
				9ECB49672661354A0028CCDB /* Products */,
			);
			sourceTree = "<group>";
		};
		9ECB49672661354A0028CCDB /* Products */ = {
			isa = PBXGroup;
			children = (
				9ECB49662661354A0028CCDB /* Project19.app */,
				9ECB49812661367D0028CCDB /* Extension.appex */,
			);
			name = Products;
			sourceTree = "<group>";
		};
		9ECB49682661354A0028CCDB /* Project19 */ = {
			isa = PBXGroup;
			children = (
				9ECB49692661354A0028CCDB /* AppDelegate.swift */,
				9ECB496B2661354A0028CCDB /* SceneDelegate.swift */,
				9ECB496D2661354A0028CCDB /* ViewController.swift */,
				9ECB496F2661354A0028CCDB /* Main.storyboard */,
				9ECB49722661354E0028CCDB /* Assets.xcassets */,
				9ECB49742661354E0028CCDB /* LaunchScreen.storyboard */,
				9ECB49772661354E0028CCDB /* Info.plist */,
			);
			path = Project19;
			sourceTree = "<group>";
		};
		9ECB49822661367D0028CCDB /* Extension */ = {
			isa = PBXGroup;
			children = (
				9ECB49832661367D0028CCDB /* Media.xcassets */,
				9ECB49852661367D0028CCDB /* ActionViewController.swift */,
				9E1C2BF12663E2A40092A3A0 /* TableViewController.swift */,
				9ECB49872661367D0028CCDB /* MainInterface.storyboard */,
				9ECB498A2661367D0028CCDB /* Info.plist */,
				9ECB499226613B180028CCDB /* Action.js */,
			);
			path = Extension;
			sourceTree = "<group>";
		};
/* End PBXGroup section */

/* Begin PBXNativeTarget section */
		9ECB49652661354A0028CCDB /* Project19 */ = {
			isa = PBXNativeTarget;
			buildConfigurationList = 9ECB497A2661354E0028CCDB /* Build configuration list for PBXNativeTarget "Project19" */;
			buildPhases = (
				9ECB49622661354A0028CCDB /* Sources */,
				9ECB49632661354A0028CCDB /* Frameworks */,
				9ECB49642661354A0028CCDB /* Resources */,
				9ECB49912661367D0028CCDB /* Embed App Extensions */,
			);
			buildRules = (
			);
			dependencies = (
				9ECB498C2661367D0028CCDB /* PBXTargetDependency */,
			);
			name = Project19;
			productName = Project19;
			productReference = 9ECB49662661354A0028CCDB /* Project19.app */;
			productType = "com.apple.product-type.application";
		};
		9ECB49802661367D0028CCDB /* Extension */ = {
			isa = PBXNativeTarget;
			buildConfigurationList = 9ECB498E2661367D0028CCDB /* Build configuration list for PBXNativeTarget "Extension" */;
			buildPhases = (
				9ECB497D2661367D0028CCDB /* Sources */,
				9ECB497E2661367D0028CCDB /* Frameworks */,
				9ECB497F2661367D0028CCDB /* Resources */,
			);
			buildRules = (
			);
			dependencies = (
			);
			name = Extension;
			productName = Extension;
			productReference = 9ECB49812661367D0028CCDB /* Extension.appex */;
			productType = "com.apple.product-type.app-extension";
		};
/* End PBXNativeTarget section */

/* Begin PBXProject section */
		9ECB495E2661354A0028CCDB /* Project object */ = {
			isa = PBXProject;
			attributes = {
				LastSwiftUpdateCheck = 1250;
				LastUpgradeCheck = 1250;
				TargetAttributes = {
					9ECB49652661354A0028CCDB = {
						CreatedOnToolsVersion = 12.5;
					};
					9ECB49802661367D0028CCDB = {
						CreatedOnToolsVersion = 12.5;
					};
				};
			};
			buildConfigurationList = 9ECB49612661354A0028CCDB /* Build configuration list for PBXProject "Project19" */;
			compatibilityVersion = "Xcode 9.3";
			developmentRegion = en;
			hasScannedForEncodings = 0;
			knownRegions = (
				en,
				Base,
			);
			mainGroup = 9ECB495D2661354A0028CCDB;
			productRefGroup = 9ECB49672661354A0028CCDB /* Products */;
			projectDirPath = "";
			projectRoot = "";
			targets = (
				9ECB49652661354A0028CCDB /* Project19 */,
				9ECB49802661367D0028CCDB /* Extension */,
			);
		};
/* End PBXProject section */

/* Begin PBXResourcesBuildPhase section */
		9ECB49642661354A0028CCDB /* Resources */ = {
			isa = PBXResourcesBuildPhase;
			buildActionMask = 2147483647;
			files = (
				9ECB49762661354E0028CCDB /* LaunchScreen.storyboard in Resources */,
				9ECB49732661354E0028CCDB /* Assets.xcassets in Resources */,
				9E04AB8E266291A900C83945 /* Media.xcassets in Resources */,
				9ECB49712661354A0028CCDB /* Main.storyboard in Resources */,
			);
			runOnlyForDeploymentPostprocessing = 0;
		};
		9ECB497F2661367D0028CCDB /* Resources */ = {
			isa = PBXResourcesBuildPhase;
			buildActionMask = 2147483647;
			files = (
				9ECB499326613B180028CCDB /* Action.js in Resources */,
				9ECB49842661367D0028CCDB /* Media.xcassets in Resources */,
				9E04AB862662801500C83945 /* Assets.xcassets in Resources */,
				9ECB49892661367D0028CCDB /* MainInterface.storyboard in Resources */,
			);
			runOnlyForDeploymentPostprocessing = 0;
		};
/* End PBXResourcesBuildPhase section */

/* Begin PBXSourcesBuildPhase section */
		9ECB49622661354A0028CCDB /* Sources */ = {
			isa = PBXSourcesBuildPhase;
			buildActionMask = 2147483647;
			files = (
				9ECB496E2661354A0028CCDB /* ViewController.swift in Sources */,
				9ECB496A2661354A0028CCDB /* AppDelegate.swift in Sources */,
				9E04AB872662803A00C83945 /* ActionViewController.swift in Sources */,
				9ECB496C2661354A0028CCDB /* SceneDelegate.swift in Sources */,
			);
			runOnlyForDeploymentPostprocessing = 0;
		};
		9ECB497D2661367D0028CCDB /* Sources */ = {
			isa = PBXSourcesBuildPhase;
			buildActionMask = 2147483647;
			files = (
				9ECB49862661367D0028CCDB /* ActionViewController.swift in Sources */,
				9E1C2BF22663E2A40092A3A0 /* TableViewController.swift in Sources */,
			);
			runOnlyForDeploymentPostprocessing = 0;
		};
/* End PBXSourcesBuildPhase section */

/* Begin PBXTargetDependency section */
		9ECB498C2661367D0028CCDB /* PBXTargetDependency */ = {
			isa = PBXTargetDependency;
			target = 9ECB49802661367D0028CCDB /* Extension */;
			targetProxy = 9ECB498B2661367D0028CCDB /* PBXContainerItemProxy */;
		};
/* End PBXTargetDependency section */

/* Begin PBXVariantGroup section */
		9ECB496F2661354A0028CCDB /* Main.storyboard */ = {
			isa = PBXVariantGroup;
			children = (
				9ECB49702661354A0028CCDB /* Base */,
			);
			name = Main.storyboard;
			sourceTree = "<group>";
		};
		9ECB49742661354E0028CCDB /* LaunchScreen.storyboard */ = {
			isa = PBXVariantGroup;
			children = (
				9ECB49752661354E0028CCDB /* Base */,
			);
			name = LaunchScreen.storyboard;
			sourceTree = "<group>";
		};
		9ECB49872661367D0028CCDB /* MainInterface.storyboard */ = {
			isa = PBXVariantGroup;
			children = (
				9ECB49882661367D0028CCDB /* Base */,
			);
			name = MainInterface.storyboard;
			sourceTree = "<group>";
		};
/* End PBXVariantGroup section */

/* Begin XCBuildConfiguration section */
		9ECB49782661354E0028CCDB /* Debug */ = {
			isa = XCBuildConfiguration;
			buildSettings = {
				ALWAYS_EMBED_SWIFT_STANDARD_LIBRARIES = YES;
				ALWAYS_SEARCH_USER_PATHS = NO;
				CLANG_ANALYZER_NONNULL = YES;
				CLANG_ANALYZER_NUMBER_OBJECT_CONVERSION = YES_AGGRESSIVE;
				CLANG_CXX_LANGUAGE_STANDARD = "gnu++14";
				CLANG_CXX_LIBRARY = "libc++";
				CLANG_ENABLE_MODULES = YES;
				CLANG_ENABLE_OBJC_ARC = YES;
				CLANG_ENABLE_OBJC_WEAK = YES;
				CLANG_WARN_BLOCK_CAPTURE_AUTORELEASING = YES;
				CLANG_WARN_BOOL_CONVERSION = YES;
				CLANG_WARN_COMMA = YES;
				CLANG_WARN_CONSTANT_CONVERSION = YES;
				CLANG_WARN_DEPRECATED_OBJC_IMPLEMENTATIONS = YES;
				CLANG_WARN_DIRECT_OBJC_ISA_USAGE = YES_ERROR;
				CLANG_WARN_DOCUMENTATION_COMMENTS = YES;
				CLANG_WARN_EMPTY_BODY = YES;
				CLANG_WARN_ENUM_CONVERSION = YES;
				CLANG_WARN_INFINITE_RECURSION = YES;
				CLANG_WARN_INT_CONVERSION = YES;
				CLANG_WARN_NON_LITERAL_NULL_CONVERSION = YES;
				CLANG_WARN_OBJC_IMPLICIT_RETAIN_SELF = YES;
				CLANG_WARN_OBJC_LITERAL_CONVERSION = YES;
				CLANG_WARN_OBJC_ROOT_CLASS = YES_ERROR;
				CLANG_WARN_QUOTED_INCLUDE_IN_FRAMEWORK_HEADER = YES;
				CLANG_WARN_RANGE_LOOP_ANALYSIS = YES;
				CLANG_WARN_STRICT_PROTOTYPES = YES;
				CLANG_WARN_SUSPICIOUS_MOVE = YES;
				CLANG_WARN_UNGUARDED_AVAILABILITY = YES_AGGRESSIVE;
				CLANG_WARN_UNREACHABLE_CODE = YES;
				CLANG_WARN__DUPLICATE_METHOD_MATCH = YES;
				COPY_PHASE_STRIP = NO;
				DEBUG_INFORMATION_FORMAT = dwarf;
				ENABLE_STRICT_OBJC_MSGSEND = YES;
				ENABLE_TESTABILITY = YES;
				GCC_C_LANGUAGE_STANDARD = gnu11;
				GCC_DYNAMIC_NO_PIC = NO;
				GCC_NO_COMMON_BLOCKS = YES;
				GCC_OPTIMIZATION_LEVEL = 0;
				GCC_PREPROCESSOR_DEFINITIONS = (
					"DEBUG=1",
					"$(inherited)",
				);
				GCC_WARN_64_TO_32_BIT_CONVERSION = YES;
				GCC_WARN_ABOUT_RETURN_TYPE = YES_ERROR;
				GCC_WARN_UNDECLARED_SELECTOR = YES;
				GCC_WARN_UNINITIALIZED_AUTOS = YES_AGGRESSIVE;
				GCC_WARN_UNUSED_FUNCTION = YES;
				GCC_WARN_UNUSED_VARIABLE = YES;
				IPHONEOS_DEPLOYMENT_TARGET = 14.5;
				MTL_ENABLE_DEBUG_INFO = INCLUDE_SOURCE;
				MTL_FAST_MATH = YES;
				ONLY_ACTIVE_ARCH = YES;
				SDKROOT = iphoneos;
				SWIFT_ACTIVE_COMPILATION_CONDITIONS = DEBUG;
				SWIFT_OPTIMIZATION_LEVEL = "-Onone";
			};
			name = Debug;
		};
		9ECB49792661354E0028CCDB /* Release */ = {
			isa = XCBuildConfiguration;
			buildSettings = {
				ALWAYS_EMBED_SWIFT_STANDARD_LIBRARIES = YES;
				ALWAYS_SEARCH_USER_PATHS = NO;
				CLANG_ANALYZER_NONNULL = YES;
				CLANG_ANALYZER_NUMBER_OBJECT_CONVERSION = YES_AGGRESSIVE;
				CLANG_CXX_LANGUAGE_STANDARD = "gnu++14";
				CLANG_CXX_LIBRARY = "libc++";
				CLANG_ENABLE_MODULES = YES;
				CLANG_ENABLE_OBJC_ARC = YES;
				CLANG_ENABLE_OBJC_WEAK = YES;
				CLANG_WARN_BLOCK_CAPTURE_AUTORELEASING = YES;
				CLANG_WARN_BOOL_CONVERSION = YES;
				CLANG_WARN_COMMA = YES;
				CLANG_WARN_CONSTANT_CONVERSION = YES;
				CLANG_WARN_DEPRECATED_OBJC_IMPLEMENTATIONS = YES;
				CLANG_WARN_DIRECT_OBJC_ISA_USAGE = YES_ERROR;
				CLANG_WARN_DOCUMENTATION_COMMENTS = YES;
				CLANG_WARN_EMPTY_BODY = YES;
				CLANG_WARN_ENUM_CONVERSION = YES;
				CLANG_WARN_INFINITE_RECURSION = YES;
				CLANG_WARN_INT_CONVERSION = YES;
				CLANG_WARN_NON_LITERAL_NULL_CONVERSION = YES;
				CLANG_WARN_OBJC_IMPLICIT_RETAIN_SELF = YES;
				CLANG_WARN_OBJC_LITERAL_CONVERSION = YES;
				CLANG_WARN_OBJC_ROOT_CLASS = YES_ERROR;
				CLANG_WARN_QUOTED_INCLUDE_IN_FRAMEWORK_HEADER = YES;
				CLANG_WARN_RANGE_LOOP_ANALYSIS = YES;
				CLANG_WARN_STRICT_PROTOTYPES = YES;
				CLANG_WARN_SUSPICIOUS_MOVE = YES;
				CLANG_WARN_UNGUARDED_AVAILABILITY = YES_AGGRESSIVE;
				CLANG_WARN_UNREACHABLE_CODE = YES;
				CLANG_WARN__DUPLICATE_METHOD_MATCH = YES;
				COPY_PHASE_STRIP = NO;
				DEBUG_INFORMATION_FORMAT = "dwarf-with-dsym";
				ENABLE_NS_ASSERTIONS = NO;
				ENABLE_STRICT_OBJC_MSGSEND = YES;
				GCC_C_LANGUAGE_STANDARD = gnu11;
				GCC_NO_COMMON_BLOCKS = YES;
				GCC_WARN_64_TO_32_BIT_CONVERSION = YES;
				GCC_WARN_ABOUT_RETURN_TYPE = YES_ERROR;
				GCC_WARN_UNDECLARED_SELECTOR = YES;
				GCC_WARN_UNINITIALIZED_AUTOS = YES_AGGRESSIVE;
				GCC_WARN_UNUSED_FUNCTION = YES;
				GCC_WARN_UNUSED_VARIABLE = YES;
				IPHONEOS_DEPLOYMENT_TARGET = 14.5;
				MTL_ENABLE_DEBUG_INFO = NO;
				MTL_FAST_MATH = YES;
				SDKROOT = iphoneos;
				SWIFT_COMPILATION_MODE = wholemodule;
				SWIFT_OPTIMIZATION_LEVEL = "-O";
				VALIDATE_PRODUCT = YES;
			};
			name = Release;
		};
		9ECB497B2661354E0028CCDB /* Debug */ = {
			isa = XCBuildConfiguration;
			buildSettings = {
				ALWAYS_EMBED_SWIFT_STANDARD_LIBRARIES = YES;
				ASSETCATALOG_COMPILER_APPICON_NAME = AppIcon;
				ASSETCATALOG_COMPILER_GLOBAL_ACCENT_COLOR_NAME = AccentColor;
				CODE_SIGN_ENTITLEMENTS = Project19/Project19.entitlements;
				CODE_SIGN_STYLE = Automatic;
				DEVELOPMENT_TEAM = "";
				INFOPLIST_FILE = Project19/Info.plist;
				IPHONEOS_DEPLOYMENT_TARGET = 14.5;
				LD_RUNPATH_SEARCH_PATHS = (
					"$(inherited)",
					"@executable_path/Frameworks",
				);
				PRODUCT_BUNDLE_IDENTIFIER = com.khumargirdhar.Project19;
				PRODUCT_NAME = "$(TARGET_NAME)";
				SWIFT_VERSION = 5.0;
				TARGETED_DEVICE_FAMILY = "1,2";
			};
			name = Debug;
		};
		9ECB497C2661354E0028CCDB /* Release */ = {
			isa = XCBuildConfiguration;
			buildSettings = {
				ALWAYS_EMBED_SWIFT_STANDARD_LIBRARIES = YES;
				ASSETCATALOG_COMPILER_APPICON_NAME = AppIcon;
				ASSETCATALOG_COMPILER_GLOBAL_ACCENT_COLOR_NAME = AccentColor;
				CODE_SIGN_ENTITLEMENTS = Project19/Project19.entitlements;
				CODE_SIGN_STYLE = Automatic;
				INFOPLIST_FILE = Project19/Info.plist;
				IPHONEOS_DEPLOYMENT_TARGET = 14.5;
				LD_RUNPATH_SEARCH_PATHS = (
					"$(inherited)",
					"@executable_path/Frameworks",
				);
				PRODUCT_BUNDLE_IDENTIFIER = com.khumargirdhar.Project19;
				PRODUCT_NAME = "$(TARGET_NAME)";
				SWIFT_VERSION = 5.0;
				TARGETED_DEVICE_FAMILY = "1,2";
			};
			name = Release;
		};
		9ECB498F2661367D0028CCDB /* Debug */ = {
			isa = XCBuildConfiguration;
			buildSettings = {
				ALWAYS_EMBED_SWIFT_STANDARD_LIBRARIES = YES;
				CODE_SIGN_ENTITLEMENTS = Extension/Extension.entitlements;
				CODE_SIGN_STYLE = Automatic;
				DEVELOPMENT_TEAM = "";
				INFOPLIST_FILE = Extension/Info.plist;
				LD_RUNPATH_SEARCH_PATHS = (
					"$(inherited)",
					"@executable_path/Frameworks",
					"@executable_path/../../Frameworks",
				);
				PRODUCT_BUNDLE_IDENTIFIER = com.khumargirdhar.Project19.Extension;
				PRODUCT_NAME = "$(TARGET_NAME)";
				SKIP_INSTALL = YES;
				SWIFT_VERSION = 5.0;
				TARGETED_DEVICE_FAMILY = "1,2";
			};
			name = Debug;
		};
		9ECB49902661367D0028CCDB /* Release */ = {
			isa = XCBuildConfiguration;
			buildSettings = {
				ALWAYS_EMBED_SWIFT_STANDARD_LIBRARIES = YES;
				CODE_SIGN_ENTITLEMENTS = Extension/Extension.entitlements;
				CODE_SIGN_STYLE = Automatic;
				DEVELOPMENT_TEAM = "";
				INFOPLIST_FILE = Extension/Info.plist;
				LD_RUNPATH_SEARCH_PATHS = (
					"$(inherited)",
					"@executable_path/Frameworks",
					"@executable_path/../../Frameworks",
				);
				PRODUCT_BUNDLE_IDENTIFIER = com.khumargirdhar.Project19.Extension;
				PRODUCT_NAME = "$(TARGET_NAME)";
				SKIP_INSTALL = YES;
				SWIFT_VERSION = 5.0;
				TARGETED_DEVICE_FAMILY = "1,2";
			};
			name = Release;
		};
/* End XCBuildConfiguration section */

/* Begin XCConfigurationList section */
		9ECB49612661354A0028CCDB /* Build configuration list for PBXProject "Project19" */ = {
			isa = XCConfigurationList;
			buildConfigurations = (
				9ECB49782661354E0028CCDB /* Debug */,
				9ECB49792661354E0028CCDB /* Release */,
			);
			defaultConfigurationIsVisible = 0;
			defaultConfigurationName = Release;
		};
		9ECB497A2661354E0028CCDB /* Build configuration list for PBXNativeTarget "Project19" */ = {
			isa = XCConfigurationList;
			buildConfigurations = (
				9ECB497B2661354E0028CCDB /* Debug */,
				9ECB497C2661354E0028CCDB /* Release */,
			);
			defaultConfigurationIsVisible = 0;
			defaultConfigurationName = Release;
		};
		9ECB498E2661367D0028CCDB /* Build configuration list for PBXNativeTarget "Extension" */ = {
			isa = XCConfigurationList;
			buildConfigurations = (
				9ECB498F2661367D0028CCDB /* Debug */,
				9ECB49902661367D0028CCDB /* Release */,
			);
			defaultConfigurationIsVisible = 0;
			defaultConfigurationName = Release;
		};
/* End XCConfigurationList section */
	};
	rootObject = 9ECB495E2661354A0028CCDB /* Project object */;
}
