// !$*UTF8*$!
{
	archiveVersion = 1;
	classes = {
	};
	objectVersion = 50;
	objects = {

/* Begin PBXBuildFile section */
		9E0B705626515C30003FFB34 /* AppDelegate.swift in Sources */ = {isa = PBXBuildFile; fileRef = 9E0B705526515C30003FFB34 /* AppDelegate.swift */; };
		9E0B705826515C30003FFB34 /* GameScene.sks in Resources */ = {isa = PBXBuildFile; fileRef = 9E0B705726515C30003FFB34 /* GameScene.sks */; };
		9E0B705C26515C30003FFB34 /* GameScene.swift in Sources */ = {isa = PBXBuildFile; fileRef = 9E0B705B26515C30003FFB34 /* GameScene.swift */; };
		9E0B705E26515C30003FFB34 /* GameViewController.swift in Sources */ = {isa = PBXBuildFile; fileRef = 9E0B705D26515C30003FFB34 /* GameViewController.swift */; };
		9E0B706126515C30003FFB34 /* Main.storyboard in Resources */ = {isa = PBXBuildFile; fileRef = 9E0B705F26515C30003FFB34 /* Main.storyboard */; };
		9E0B706326515C34003FFB34 /* Assets.xcassets in Resources */ = {isa = PBXBuildFile; fileRef = 9E0B706226515C34003FFB34 /* Assets.xcassets */; };
		9E0B706D26516715003FFB34 /* WhackSlot.swift in Sources */ = {isa = PBXBuildFile; fileRef = 9E0B706C26516715003FFB34 /* WhackSlot.swift */; };
		9E7DEBC82652C5E100E3B1C9 /* whack.caf in Resources */ = {isa = PBXBuildFile; fileRef = 9E0B706A26515D38003FFB34 /* whack.caf */; };
		9E7DEBC92652C5E400E3B1C9 /* whackBad.caf in Resources */ = {isa = PBXBuildFile; fileRef = 9E0B706B26515D38003FFB34 /* whackBad.caf */; };
		9E7DEBCD2652C7BE00E3B1C9 /* gameOver.m4a in Resources */ = {isa = PBXBuildFile; fileRef = 9E7DEBCC2652C7BE00E3B1C9 /* gameOver.m4a */; };
		9E7DEBCF2652CAD800E3B1C9 /* smokeParticle.sks in Resources */ = {isa = PBXBuildFile; fileRef = 9E7DEBCE2652CAD800E3B1C9 /* smokeParticle.sks */; };
		9E7DEBD72652CF7900E3B1C9 /* mudParticle.sks in Resources */ = {isa = PBXBuildFile; fileRef = 9E7DEBD62652CF7900E3B1C9 /* mudParticle.sks */; };
/* End PBXBuildFile section */

/* Begin PBXFileReference section */
		9E0B705226515C30003FFB34 /* Project14.app */ = {isa = PBXFileReference; explicitFileType = wrapper.application; includeInIndex = 0; path = Project14.app; sourceTree = BUILT_PRODUCTS_DIR; };
		9E0B705526515C30003FFB34 /* AppDelegate.swift */ = {isa = PBXFileReference; lastKnownFileType = sourcecode.swift; path = AppDelegate.swift; sourceTree = "<group>"; };
		9E0B705726515C30003FFB34 /* GameScene.sks */ = {isa = PBXFileReference; lastKnownFileType = file.sks; path = GameScene.sks; sourceTree = "<group>"; };
		9E0B705B26515C30003FFB34 /* GameScene.swift */ = {isa = PBXFileReference; lastKnownFileType = sourcecode.swift; path = GameScene.swift; sourceTree = "<group>"; };
		9E0B705D26515C30003FFB34 /* GameViewController.swift */ = {isa = PBXFileReference; lastKnownFileType = sourcecode.swift; path = GameViewController.swift; sourceTree = "<group>"; };
		9E0B706026515C30003FFB34 /* Base */ = {isa = PBXFileReference; lastKnownFileType = file.storyboard; name = Base; path = Base.lproj/Main.storyboard; sourceTree = "<group>"; };
		9E0B706226515C34003FFB34 /* Assets.xcassets */ = {isa = PBXFileReference; lastKnownFileType = folder.assetcatalog; path = Assets.xcassets; sourceTree = "<group>"; };
		9E0B706426515C34003FFB34 /* Info.plist */ = {isa = PBXFileReference; lastKnownFileType = text.plist.xml; path = Info.plist; sourceTree = "<group>"; };
		9E0B706A26515D38003FFB34 /* whack.caf */ = {isa = PBXFileReference; lastKnownFileType = file; path = whack.caf; sourceTree = "<group>"; };
		9E0B706B26515D38003FFB34 /* whackBad.caf */ = {isa = PBXFileReference; lastKnownFileType = file; path = whackBad.caf; sourceTree = "<group>"; };
		9E0B706C26516715003FFB34 /* WhackSlot.swift */ = {isa = PBXFileReference; lastKnownFileType = sourcecode.swift; path = WhackSlot.swift; sourceTree = "<group>"; };
		9E7DEBCC2652C7BE00E3B1C9 /* gameOver.m4a */ = {isa = PBXFileReference; lastKnownFileType = file; path = gameOver.m4a; sourceTree = "<group>"; };
		9E7DEBCE2652CAD800E3B1C9 /* smokeParticle.sks */ = {isa = PBXFileReference; lastKnownFileType = file.sks; path = smokeParticle.sks; sourceTree = "<group>"; };
		9E7DEBD62652CF7900E3B1C9 /* mudParticle.sks */ = {isa = PBXFileReference; lastKnownFileType = file.sks; path = mudParticle.sks; sourceTree = "<group>"; };
/* End PBXFileReference section */

/* Begin PBXFrameworksBuildPhase section */
		9E0B704F26515C2F003FFB34 /* Frameworks */ = {
			isa = PBXFrameworksBuildPhase;
			buildActionMask = 2147483647;
			files = (
			);
			runOnlyForDeploymentPostprocessing = 0;
		};
/* End PBXFrameworksBuildPhase section */

/* Begin PBXGroup section */
		9E0B704926515C2F003FFB34 = {
			isa = PBXGroup;
			children = (
				9E0B705426515C30003FFB34 /* Project14 */,
				9E0B705326515C30003FFB34 /* Products */,
			);
			sourceTree = "<group>";
		};
		9E0B705326515C30003FFB34 /* Products */ = {
			isa = PBXGroup;
			children = (
				9E0B705226515C30003FFB34 /* Project14.app */,
			);
			name = Products;
			sourceTree = "<group>";
		};
		9E0B705426515C30003FFB34 /* Project14 */ = {
			isa = PBXGroup;
			children = (
				9E0B705526515C30003FFB34 /* AppDelegate.swift */,
				9E0B705726515C30003FFB34 /* GameScene.sks */,
				9E0B705B26515C30003FFB34 /* GameScene.swift */,
				9E0B706C26516715003FFB34 /* WhackSlot.swift */,
				9E7DEBD62652CF7900E3B1C9 /* mudParticle.sks */,
				9E7DEBCE2652CAD800E3B1C9 /* smokeParticle.sks */,
				9E0B705D26515C30003FFB34 /* GameViewController.swift */,
				9E0B705F26515C30003FFB34 /* Main.storyboard */,
				9E0B706226515C34003FFB34 /* Assets.xcassets */,
				9E0B706426515C34003FFB34 /* Info.plist */,
				9E0B706A26515D38003FFB34 /* whack.caf */,
				9E0B706B26515D38003FFB34 /* whackBad.caf */,
				9E7DEBCC2652C7BE00E3B1C9 /* gameOver.m4a */,
			);
			path = Project14;
			sourceTree = "<group>";
		};
/* End PBXGroup section */

/* Begin PBXNativeTarget section */
		9E0B705126515C2F003FFB34 /* Project14 */ = {
			isa = PBXNativeTarget;
			buildConfigurationList = 9E0B706726515C34003FFB34 /* Build configuration list for PBXNativeTarget "Project14" */;
			buildPhases = (
				9E0B704E26515C2F003FFB34 /* Sources */,
				9E0B704F26515C2F003FFB34 /* Frameworks */,
				9E0B705026515C2F003FFB34 /* Resources */,
			);
			buildRules = (
			);
			dependencies = (
			);
			name = Project14;
			productName = Project14;
			productReference = 9E0B705226515C30003FFB34 /* Project14.app */;
			productType = "com.apple.product-type.application";
		};
/* End PBXNativeTarget section */

/* Begin PBXProject section */
		9E0B704A26515C2F003FFB34 /* Project object */ = {
			isa = PBXProject;
			attributes = {
				LastSwiftUpdateCheck = 1250;
				LastUpgradeCheck = 1250;
				TargetAttributes = {
					9E0B705126515C2F003FFB34 = {
						CreatedOnToolsVersion = 12.5;
					};
				};
			};
			buildConfigurationList = 9E0B704D26515C2F003FFB34 /* Build configuration list for PBXProject "Project14" */;
			compatibilityVersion = "Xcode 9.3";
			developmentRegion = en;
			hasScannedForEncodings = 0;
			knownRegions = (
				en,
				Base,
			);
			mainGroup = 9E0B704926515C2F003FFB34;
			productRefGroup = 9E0B705326515C30003FFB34 /* Products */;
			projectDirPath = "";
			projectRoot = "";
			targets = (
				9E0B705126515C2F003FFB34 /* Project14 */,
			);
		};
/* End PBXProject section */

/* Begin PBXResourcesBuildPhase section */
		9E0B705026515C2F003FFB34 /* Resources */ = {
			isa = PBXResourcesBuildPhase;
			buildActionMask = 2147483647;
			files = (
				9E7DEBD72652CF7900E3B1C9 /* mudParticle.sks in Resources */,
				9E7DEBCD2652C7BE00E3B1C9 /* gameOver.m4a in Resources */,
				9E7DEBC92652C5E400E3B1C9 /* whackBad.caf in Resources */,
				9E0B706126515C30003FFB34 /* Main.storyboard in Resources */,
				9E0B705826515C30003FFB34 /* GameScene.sks in Resources */,
				9E0B706326515C34003FFB34 /* Assets.xcassets in Resources */,
				9E7DEBCF2652CAD800E3B1C9 /* smokeParticle.sks in Resources */,
				9E7DEBC82652C5E100E3B1C9 /* whack.caf in Resources */,
			);
			runOnlyForDeploymentPostprocessing = 0;
		};
/* End PBXResourcesBuildPhase section */

/* Begin PBXSourcesBuildPhase section */
		9E0B704E26515C2F003FFB34 /* Sources */ = {
			isa = PBXSourcesBuildPhase;
			buildActionMask = 2147483647;
			files = (
				9E0B705C26515C30003FFB34 /* GameScene.swift in Sources */,
				9E0B705E26515C30003FFB34 /* GameViewController.swift in Sources */,
				9E0B706D26516715003FFB34 /* WhackSlot.swift in Sources */,
				9E0B705626515C30003FFB34 /* AppDelegate.swift in Sources */,
			);
			runOnlyForDeploymentPostprocessing = 0;
		};
/* End PBXSourcesBuildPhase section */

/* Begin PBXVariantGroup section */
		9E0B705F26515C30003FFB34 /* Main.storyboard */ = {
			isa = PBXVariantGroup;
			children = (
				9E0B706026515C30003FFB34 /* Base */,
			);
			name = Main.storyboard;
			sourceTree = "<group>";
		};
/* End PBXVariantGroup section */

/* Begin XCBuildConfiguration section */
		9E0B706526515C34003FFB34 /* Debug */ = {
			isa = XCBuildConfiguration;
			buildSettings = {
				ALWAYS_SEARCH_USER_PATHS = NO;
				CLANG_ANALYZER_NONNULL = YES;
				CLANG_ANALYZER_NUMBER_OBJECT_CONVERSION = YES_AGGRESSIVE;
				CLANG_CXX_LANGUAGE_STANDARD = "gnu++14";
				CLANG_CXX_LIBRARY = "libc++";
				CLANG_ENABLE_MODULES = YES;
				CLANG_ENABLE_OBJC_ARC = YES;
				CLANG_ENABLE_OBJC_WEAK = YES;
				CLANG_WARN_BLOCK_CAPTURE_AUTORELEASING = YES;
				CLANG_WARN_BOOL_CONVERSION = YES;
				CLANG_WARN_COMMA = YES;
				CLANG_WARN_CONSTANT_CONVERSION = YES;
				CLANG_WARN_DEPRECATED_OBJC_IMPLEMENTATIONS = YES;
				CLANG_WARN_DIRECT_OBJC_ISA_USAGE = YES_ERROR;
				CLANG_WARN_DOCUMENTATION_COMMENTS = YES;
				CLANG_WARN_EMPTY_BODY = YES;
				CLANG_WARN_ENUM_CONVERSION = YES;
				CLANG_WARN_INFINITE_RECURSION = YES;
				CLANG_WARN_INT_CONVERSION = YES;
				CLANG_WARN_NON_LITERAL_NULL_CONVERSION = YES;
				CLANG_WARN_OBJC_IMPLICIT_RETAIN_SELF = YES;
				CLANG_WARN_OBJC_LITERAL_CONVERSION = YES;
				CLANG_WARN_OBJC_ROOT_CLASS = YES_ERROR;
				CLANG_WARN_QUOTED_INCLUDE_IN_FRAMEWORK_HEADER = YES;
				CLANG_WARN_RANGE_LOOP_ANALYSIS = YES;
				CLANG_WARN_STRICT_PROTOTYPES = YES;
				CLANG_WARN_SUSPICIOUS_MOVE = YES;
				CLANG_WARN_UNGUARDED_AVAILABILITY = YES_AGGRESSIVE;
				CLANG_WARN_UNREACHABLE_CODE = YES;
				CLANG_WARN__DUPLICATE_METHOD_MATCH = YES;
				COPY_PHASE_STRIP = NO;
				DEBUG_INFORMATION_FORMAT = dwarf;
				ENABLE_STRICT_OBJC_MSGSEND = YES;
				ENABLE_TESTABILITY = YES;
				GCC_C_LANGUAGE_STANDARD = gnu11;
				GCC_DYNAMIC_NO_PIC = NO;
				GCC_NO_COMMON_BLOCKS = YES;
				GCC_OPTIMIZATION_LEVEL = 0;
				GCC_PREPROCESSOR_DEFINITIONS = (
					"DEBUG=1",
					"$(inherited)",
				);
				GCC_WARN_64_TO_32_BIT_CONVERSION = YES;
				GCC_WARN_ABOUT_RETURN_TYPE = YES_ERROR;
				GCC_WARN_UNDECLARED_SELECTOR = YES;
				GCC_WARN_UNINITIALIZED_AUTOS = YES_AGGRESSIVE;
				GCC_WARN_UNUSED_FUNCTION = YES;
				GCC_WARN_UNUSED_VARIABLE = YES;
				IPHONEOS_DEPLOYMENT_TARGET = 14.5;
				MTL_ENABLE_DEBUG_INFO = INCLUDE_SOURCE;
				MTL_FAST_MATH = YES;
				ONLY_ACTIVE_ARCH = YES;
				SDKROOT = iphoneos;
				SWIFT_ACTIVE_COMPILATION_CONDITIONS = DEBUG;
				SWIFT_OPTIMIZATION_LEVEL = "-Onone";
			};
			name = Debug;
		};
		9E0B706626515C34003FFB34 /* Release */ = {
			isa = XCBuildConfiguration;
			buildSettings = {
				ALWAYS_SEARCH_USER_PATHS = NO;
				CLANG_ANALYZER_NONNULL = YES;
				CLANG_ANALYZER_NUMBER_OBJECT_CONVERSION = YES_AGGRESSIVE;
				CLANG_CXX_LANGUAGE_STANDARD = "gnu++14";
				CLANG_CXX_LIBRARY = "libc++";
				CLANG_ENABLE_MODULES = YES;
				CLANG_ENABLE_OBJC_ARC = YES;
				CLANG_ENABLE_OBJC_WEAK = YES;
				CLANG_WARN_BLOCK_CAPTURE_AUTORELEASING = YES;
				CLANG_WARN_BOOL_CONVERSION = YES;
				CLANG_WARN_COMMA = YES;
				CLANG_WARN_CONSTANT_CONVERSION = YES;
				CLANG_WARN_DEPRECATED_OBJC_IMPLEMENTATIONS = YES;
				CLANG_WARN_DIRECT_OBJC_ISA_USAGE = YES_ERROR;
				CLANG_WARN_DOCUMENTATION_COMMENTS = YES;
				CLANG_WARN_EMPTY_BODY = YES;
				CLANG_WARN_ENUM_CONVERSION = YES;
				CLANG_WARN_INFINITE_RECURSION = YES;
				CLANG_WARN_INT_CONVERSION = YES;
				CLANG_WARN_NON_LITERAL_NULL_CONVERSION = YES;
				CLANG_WARN_OBJC_IMPLICIT_RETAIN_SELF = YES;
				CLANG_WARN_OBJC_LITERAL_CONVERSION = YES;
				CLANG_WARN_OBJC_ROOT_CLASS = YES_ERROR;
				CLANG_WARN_QUOTED_INCLUDE_IN_FRAMEWORK_HEADER = YES;
				CLANG_WARN_RANGE_LOOP_ANALYSIS = YES;
				CLANG_WARN_STRICT_PROTOTYPES = YES;
				CLANG_WARN_SUSPICIOUS_MOVE = YES;
				CLANG_WARN_UNGUARDED_AVAILABILITY = YES_AGGRESSIVE;
				CLANG_WARN_UNREACHABLE_CODE = YES;
				CLANG_WARN__DUPLICATE_METHOD_MATCH = YES;
				COPY_PHASE_STRIP = NO;
				DEBUG_INFORMATION_FORMAT = "dwarf-with-dsym";
				ENABLE_NS_ASSERTIONS = NO;
				ENABLE_STRICT_OBJC_MSGSEND = YES;
				GCC_C_LANGUAGE_STANDARD = gnu11;
				GCC_NO_COMMON_BLOCKS = YES;
				GCC_WARN_64_TO_32_BIT_CONVERSION = YES;
				GCC_WARN_ABOUT_RETURN_TYPE = YES_ERROR;
				GCC_WARN_UNDECLARED_SELECTOR = YES;
				GCC_WARN_UNINITIALIZED_AUTOS = YES_AGGRESSIVE;
				GCC_WARN_UNUSED_FUNCTION = YES;
				GCC_WARN_UNUSED_VARIABLE = YES;
				IPHONEOS_DEPLOYMENT_TARGET = 14.5;
				MTL_ENABLE_DEBUG_INFO = NO;
				MTL_FAST_MATH = YES;
				SDKROOT = iphoneos;
				SWIFT_COMPILATION_MODE = wholemodule;
				SWIFT_OPTIMIZATION_LEVEL = "-O";
				VALIDATE_PRODUCT = YES;
			};
			name = Release;
		};
		9E0B706826515C34003FFB34 /* Debug */ = {
			isa = XCBuildConfiguration;
			buildSettings = {
				ASSETCATALOG_COMPILER_APPICON_NAME = AppIcon;
				ASSETCATALOG_COMPILER_GLOBAL_ACCENT_COLOR_NAME = AccentColor;
				CODE_SIGN_STYLE = Automatic;
				INFOPLIST_FILE = Project14/Info.plist;
				LD_RUNPATH_SEARCH_PATHS = (
					"$(inherited)",
					"@executable_path/Frameworks",
				);
				PRODUCT_BUNDLE_IDENTIFIER = com.khumargirdhar.Project14;
				PRODUCT_NAME = "$(TARGET_NAME)";
				SWIFT_VERSION = 5.0;
				TARGETED_DEVICE_FAMILY = 2;
			};
			name = Debug;
		};
		9E0B706926515C34003FFB34 /* Release */ = {
			isa = XCBuildConfiguration;
			buildSettings = {
				ASSETCATALOG_COMPILER_APPICON_NAME = AppIcon;
				ASSETCATALOG_COMPILER_GLOBAL_ACCENT_COLOR_NAME = AccentColor;
				CODE_SIGN_STYLE = Automatic;
				INFOPLIST_FILE = Project14/Info.plist;
				LD_RUNPATH_SEARCH_PATHS = (
					"$(inherited)",
					"@executable_path/Frameworks",
				);
				PRODUCT_BUNDLE_IDENTIFIER = com.khumargirdhar.Project14;
				PRODUCT_NAME = "$(TARGET_NAME)";
				SWIFT_VERSION = 5.0;
				TARGETED_DEVICE_FAMILY = 2;
			};
			name = Release;
		};
/* End XCBuildConfiguration section */

/* Begin XCConfigurationList section */
		9E0B704D26515C2F003FFB34 /* Build configuration list for PBXProject "Project14" */ = {
			isa = XCConfigurationList;
			buildConfigurations = (
				9E0B706526515C34003FFB34 /* Debug */,
				9E0B706626515C34003FFB34 /* Release */,
			);
			defaultConfigurationIsVisible = 0;
			defaultConfigurationName = Release;
		};
		9E0B706726515C34003FFB34 /* Build configuration list for PBXNativeTarget "Project14" */ = {
			isa = XCConfigurationList;
			buildConfigurations = (
				9E0B706826515C34003FFB34 /* Debug */,
				9E0B706926515C34003FFB34 /* Release */,
			);
			defaultConfigurationIsVisible = 0;
			defaultConfigurationName = Release;
		};
/* End XCConfigurationList section */
	};
	rootObject = 9E0B704A26515C2F003FFB34 /* Project object */;
}
